# This file is generated by running "yarn install" inside your project.
# Manual changes might be lost - proceed with caution!

__metadata:
  version: 8
  cacheKey: 10c0

"@babel/code-frame@npm:^7.0.0, @babel/code-frame@npm:^7.27.1, @babel/code-frame@npm:^7.28.6, @babel/code-frame@npm:^7.29.0":
  version: 7.29.0
  resolution: "@babel/code-frame@npm:7.29.0"
  dependencies:
    "@babel/helper-validator-identifier": "npm:^7.28.5"
    js-tokens: "npm:^4.0.0"
    picocolors: "npm:^1.1.1"
  checksum: 10c0/d34cc504e7765dfb576a663d97067afb614525806b5cad1a5cc1a7183b916fec8ff57fa233585e3926fd5a9e6b31aae6df91aa81ae9775fb7a28f658d3346f0d
  languageName: node
  linkType: hard

"@babel/compat-data@npm:^7.28.6":
  version: 7.29.0
  resolution: "@babel/compat-data@npm:7.29.0"
  checksum: 10c0/08f348554989d23aa801bf1405aa34b15e841c0d52d79da7e524285c77a5f9d298e70e11d91cc578d8e2c9542efc586d50c5f5cf8e1915b254a9dcf786913a94
  languageName: node
  linkType: hard

"@babel/core@npm:^7.23.9, @babel/core@npm:^7.27.4":
  version: 7.29.0
  resolution: "@babel/core@npm:7.29.0"
  dependencies:
    "@babel/code-frame": "npm:^7.29.0"
    "@babel/generator": "npm:^7.29.0"
    "@babel/helper-compilation-targets": "npm:^7.28.6"
    "@babel/helper-module-transforms": "npm:^7.28.6"
    "@babel/helpers": "npm:^7.28.6"
    "@babel/parser": "npm:^7.29.0"
    "@babel/template": "npm:^7.28.6"
    "@babel/traverse": "npm:^7.29.0"
    "@babel/types": "npm:^7.29.0"
    "@jridgewell/remapping": "npm:^2.3.5"
    convert-source-map: "npm:^2.0.0"
    debug: "npm:^4.1.0"
    gensync: "npm:^1.0.0-beta.2"
    json5: "npm:^2.2.3"
    semver: "npm:^6.3.1"
  checksum: 10c0/5127d2e8e842ae409e11bcbb5c2dff9874abf5415e8026925af7308e903f4f43397341467a130490d1a39884f461bc2b67f3063bce0be44340db89687fd852aa
  languageName: node
  linkType: hard

"@babel/generator@npm:^7.27.5, @babel/generator@npm:^7.29.0":
  version: 7.29.1
  resolution: "@babel/generator@npm:7.29.1"
  dependencies:
    "@babel/parser": "npm:^7.29.0"
    "@babel/types": "npm:^7.29.0"
    "@jridgewell/gen-mapping": "npm:^0.3.12"
    "@jridgewell/trace-mapping": "npm:^0.3.28"
    jsesc: "npm:^3.0.2"
  checksum: 10c0/349086e6876258ef3fb2823030fee0f6c0eb9c3ebe35fc572e16997f8c030d765f636ddc6299edae63e760ea6658f8ee9a2edfa6d6b24c9a80c917916b973551
  languageName: node
  linkType: hard

"@babel/helper-compilation-targets@npm:^7.28.6":
  version: 7.28.6
  resolution: "@babel/helper-compilation-targets@npm:7.28.6"
  dependencies:
    "@babel/compat-data": "npm:^7.28.6"
    "@babel/helper-validator-option": "npm:^7.27.1"
    browserslist: "npm:^4.24.0"
    lru-cache: "npm:^5.1.1"
    semver: "npm:^6.3.1"
  checksum: 10c0/3fcdf3b1b857a1578e99d20508859dbd3f22f3c87b8a0f3dc540627b4be539bae7f6e61e49d931542fe5b557545347272bbdacd7f58a5c77025a18b745593a50
  languageName: node
  linkType: hard

"@babel/helper-globals@npm:^7.28.0":
  version: 7.28.0
  resolution: "@babel/helper-globals@npm:7.28.0"
  checksum: 10c0/5a0cd0c0e8c764b5f27f2095e4243e8af6fa145daea2b41b53c0c1414fe6ff139e3640f4e2207ae2b3d2153a1abd346f901c26c290ee7cb3881dd922d4ee9232
  languageName: node
  linkType: hard

"@babel/helper-module-imports@npm:^7.28.6":
  version: 7.28.6
  resolution: "@babel/helper-module-imports@npm:7.28.6"
  dependencies:
    "@babel/traverse": "npm:^7.28.6"
    "@babel/types": "npm:^7.28.6"
  checksum: 10c0/b49d8d8f204d9dbfd5ac70c54e533e5269afb3cea966a9d976722b13e9922cc773a653405f53c89acb247d5aebdae4681d631a3ae3df77ec046b58da76eda2ac
  languageName: node
  linkType: hard

"@babel/helper-module-transforms@npm:^7.28.6":
  version: 7.28.6
  resolution: "@babel/helper-module-transforms@npm:7.28.6"
  dependencies:
    "@babel/helper-module-imports": "npm:^7.28.6"
    "@babel/helper-validator-identifier": "npm:^7.28.5"
    "@babel/traverse": "npm:^7.28.6"
  peerDependencies:
    "@babel/core": ^7.0.0
  checksum: 10c0/6f03e14fc30b287ce0b839474b5f271e72837d0cafe6b172d759184d998fbee3903a035e81e07c2c596449e504f453463d58baa65b6f40a37ded5bec74620b2b
  languageName: node
  linkType: hard

"@babel/helper-plugin-utils@npm:^7.0.0, @babel/helper-plugin-utils@npm:^7.10.4, @babel/helper-plugin-utils@npm:^7.12.13, @babel/helper-plugin-utils@npm:^7.14.5, @babel/helper-plugin-utils@npm:^7.28.6":
  version: 7.28.6
  resolution: "@babel/helper-plugin-utils@npm:7.28.6"
  checksum: 10c0/3f5f8acc152fdbb69a84b8624145ff4f9b9f6e776cb989f9f968f8606eb7185c5c3cfcf3ba08534e37e1e0e1c118ac67080610333f56baa4f7376c99b5f1143d
  languageName: node
  linkType: hard

"typescript@npm:^6.0.3":
  version: 6.0.3
  resolution: "typescript@npm:6.0.3"
  bin:
    tsc: bin/tsc
    tsserver: bin/tsserver
  checksum: 10c0/REGENERATED
  languageName: node
  linkType: hard

"typescript@patch:typescript@npm%3A^6.0.3#optional!builtin<compat/typescript>":
  version: 6.0.3
  resolution: "typescript@patch:typescript@npm%3A6.0.3#optional!builtin<compat/typescript>::version=6.0.3&hash=5786d5"
  bin:
    tsc: bin/tsc
    tsserver: bin/tsserver
  checksum: 10c0/REGENERATED
  languageName: node
  linkType: hard
